
Microsoft Visual Studio Solution File, Format Version 12.00
# Visual Studio Version 17
VisualStudioVersion = 17.0.32002.185
MinimumVisualStudioVersion = 10.0.40219.1
Project("{FAE04EC0-301F-11D3-BF4B-00C04F79EFBC}") = "MunicipalitiesReport", "MunicipalitiesReport\MunicipalitiesReport.csproj", "{BFA854EA-F0BF-49D2-BED6-5148A3EACFEA}"
EndProject
Global
	GlobalSection(SolutionConfigurationPlatforms) = preSolution
		Debug|Any CPU = Debug|Any CPU
		Release|Any CPU = Release|Any CPU
	EndGlobalSection
	GlobalSection(ProjectConfigurationPlatforms) = postSolution
		{BFA854EA-F0BF-49D2-BED6-5148A3EACFEA}.Debug|Any CPU.ActiveCfg = Debug|Any CPU
		{BFA854EA-F0BF-49D2-BED6-5148A3EACFEA}.Debug|Any CPU.Build.0 = Debug|Any CPU
		{BFA854EA-F0BF-49D2-BED6-5148A3EACFEA}.Release|Any CPU.ActiveCfg = Release|Any CPU
		{BFA854EA-F0BF-49D2-BED6-5148A3EACFEA}.Release|Any CPU.Build.0 = Release|Any CPU
	EndGlobalSection
	GlobalSection(SolutionProperties) = preSolution
		HideSolutionNode = FALSE
	EndGlobalSection
	GlobalSection(ExtensibilityGlobals) = postSolution
		SolutionGuid = {7EA4A158-E5DE-41ED-90EE-3C462DC70AE5}
	EndGlobalSection
EndGlobal
